
Microsoft Visual Studio Solution File, Format Version 12.00
# Visual Studio Version 17
VisualStudioVersion = 17.8.34309.116
MinimumVisualStudioVersion = 10.0.40219.1
Project("{FAE04EC0-301F-11D3-BF4B-00C04F79EFBC}") = "FunctionCallingDemo", "FunctionCallingDemo\FunctionCallingDemo.csproj", "{76AED28C-B122-4346-A2A5-5B2305F276E8}"
EndProject
Global
	GlobalSection(SolutionConfigurationPlatforms) = preSolution
		Debug|Any CPU = Debug|Any CPU
		Release|Any CPU = Release|Any CPU
	EndGlobalSection
	GlobalSection(ProjectConfigurationPlatforms) = postSolution
		{76AED28C-B122-4346-A2A5-5B2305F276E8}.Debug|Any CPU.ActiveCfg = Debug|Any CPU
		{76AED28C-B122-4346-A2A5-5B2305F276E8}.Debug|Any CPU.Build.0 = Debug|Any CPU
		{76AED28C-B122-4346-A2A5-5B2305F276E8}.Debug|Any CPU.Deploy.0 = Debug|Any CPU
		{76AED28C-B122-4346-A2A5-5B2305F276E8}.Release|Any CPU.ActiveCfg = Release|Any CPU
		{76AED28C-B122-4346-A2A5-5B2305F276E8}.Release|Any CPU.Build.0 = Release|Any CPU
		{76AED28C-B122-4346-A2A5-5B2305F276E8}.Release|Any CPU.Deploy.0 = Release|Any CPU
	EndGlobalSection
	GlobalSection(SolutionProperties) = preSolution
		HideSolutionNode = FALSE
	EndGlobalSection
	GlobalSection(ExtensibilityGlobals) = postSolution
		SolutionGuid = {34B39A0E-E3DE-4CA3-BE00-5F7E05340B17}
	EndGlobalSection
EndGlobal
